
Microsoft Visual Studio Solution File, Format Version 12.00
# Visual Studio 15
VisualStudioVersion = 15.0.26228.9
MinimumVisualStudioVersion = 10.0.40219.1
Project("{FAE04EC0-301F-11D3-BF4B-00C04F79EFBC}") = "JonasGrapne_EProv_Del2", "JonasGrapne_EProv_Del2\JonasGrapne_EProv_Del2.csproj", "{DBCEFDB8-D746-41F2-AB1D-F4817FF9A64B}"
EndProject
Global
	GlobalSection(SolutionConfigurationPlatforms) = preSolution
		Debug|Any CPU = Debug|Any CPU
		Release|Any CPU = Release|Any CPU
	EndGlobalSection
	GlobalSection(ProjectConfigurationPlatforms) = postSolution
		{DBCEFDB8-D746-41F2-AB1D-F4817FF9A64B}.Debug|Any CPU.ActiveCfg = Debug|Any CPU
		{DBCEFDB8-D746-41F2-AB1D-F4817FF9A64B}.Debug|Any CPU.Build.0 = Debug|Any CPU
		{DBCEFDB8-D746-41F2-AB1D-F4817FF9A64B}.Release|Any CPU.ActiveCfg = Release|Any CPU
		{DBCEFDB8-D746-41F2-AB1D-F4817FF9A64B}.Release|Any CPU.Build.0 = Release|Any CPU
	EndGlobalSection
	GlobalSection(SolutionProperties) = preSolution
		HideSolutionNode = FALSE
	EndGlobalSection
EndGlobal
